
Microsoft Visual Studio Solution File, Format Version 12.00
# Visual Studio for Mac
Project("{FAE04EC0-301F-11D3-BF4B-00C04F79EFBC}") = "Assembly-CSharp", "Assembly-CSharp.csproj", "{F3A1FE4D-3CF8-68CE-EA5E-2928EE8370AB}"
EndProject
Project("{FAE04EC0-301F-11D3-BF4B-00C04F79EFBC}") = "Assembly-CSharp-firstpass", "Assembly-CSharp-firstpass.csproj", "{DB7F9CB0-BD39-A389-1A85-F4396899E7B7}"
EndProject
Project("{FAE04EC0-301F-11D3-BF4B-00C04F79EFBC}") = "Assembly-CSharp-Editor", "Assembly-CSharp-Editor.csproj", "{8EADD2DF-416B-39EA-8745-7B2D5846F914}"
EndProject
Project("{FAE04EC0-301F-11D3-BF4B-00C04F79EFBC}") = "Assembly-CSharp-Editor-firstpass", "Assembly-CSharp-Editor-firstpass.csproj", "{7412755F-3783-A342-5D94-675F22313277}"
EndProject
Global
	GlobalSection(SolutionConfigurationPlatforms) = preSolution
		Debug|Any CPU = Debug|Any CPU
		Release|Any CPU = Release|Any CPU
	EndGlobalSection
	GlobalSection(ProjectConfigurationPlatforms) = postSolution
		{F3A1FE4D-3CF8-68CE-EA5E-2928EE8370AB}.Debug|Any CPU.ActiveCfg = Debug|Any CPU
		{F3A1FE4D-3CF8-68CE-EA5E-2928EE8370AB}.Debug|Any CPU.Build.0 = Debug|Any CPU
		{F3A1FE4D-3CF8-68CE-EA5E-2928EE8370AB}.Release|Any CPU.ActiveCfg = Release|Any CPU
		{F3A1FE4D-3CF8-68CE-EA5E-2928EE8370AB}.Release|Any CPU.Build.0 = Release|Any CPU
		{DB7F9CB0-BD39-A389-1A85-F4396899E7B7}.Debug|Any CPU.ActiveCfg = Debug|Any CPU
		{DB7F9CB0-BD39-A389-1A85-F4396899E7B7}.Debug|Any CPU.Build.0 = Debug|Any CPU
		{DB7F9CB0-BD39-A389-1A85-F4396899E7B7}.Release|Any CPU.ActiveCfg = Release|Any CPU
		{DB7F9CB0-BD39-A389-1A85-F4396899E7B7}.Release|Any CPU.Build.0 = Release|Any CPU
		{8EADD2DF-416B-39EA-8745-7B2D5846F914}.Debug|Any CPU.ActiveCfg = Debug|Any CPU
		{8EADD2DF-416B-39EA-8745-7B2D5846F914}.Debug|Any CPU.Build.0 = Debug|Any CPU
		{8EADD2DF-416B-39EA-8745-7B2D5846F914}.Release|Any CPU.ActiveCfg = Release|Any CPU
		{8EADD2DF-416B-39EA-8745-7B2D5846F914}.Release|Any CPU.Build.0 = Release|Any CPU
		{7412755F-3783-A342-5D94-675F22313277}.Debug|Any CPU.ActiveCfg = Debug|Any CPU
		{7412755F-3783-A342-5D94-675F22313277}.Debug|Any CPU.Build.0 = Debug|Any CPU
		{7412755F-3783-A342-5D94-675F22313277}.Release|Any CPU.ActiveCfg = Release|Any CPU
		{7412755F-3783-A342-5D94-675F22313277}.Release|Any CPU.Build.0 = Release|Any CPU
	EndGlobalSection
	GlobalSection(SolutionProperties) = preSolution
		HideSolutionNode = FALSE
	EndGlobalSection
EndGlobal
